
Microsoft Visual Studio Solution File, Format Version 12.00
# Visual Studio Version 16
VisualStudioVersion = 16.0.30413.136
MinimumVisualStudioVersion = 10.0.40219.1
Project("{9A19103F-16F7-4668-BE54-9A1E7A4F7556}") = "TestRepository", "TestStandartLibrary\TestRepository.csproj", "{2337F496-DCFD-4473-A9C2-004DFE34D1F3}"
EndProject
Project("{9A19103F-16F7-4668-BE54-9A1E7A4F7556}") = "TestService", "TestService\TestService.csproj", "{A48DF7B5-894F-467B-84DE-B413FD8A50E8}"
EndProject
Project("{9A19103F-16F7-4668-BE54-9A1E7A4F7556}") = "TestUnitOfWork", "TestUnitOfWork\TestUnitOfWork.csproj", "{389B97A1-F5BB-407F-97EB-4B69240D8098}"
EndProject
Project("{9A19103F-16F7-4668-BE54-9A1E7A4F7556}") = "TestDataAccess", "TestDataAccess\TestDataAccess.csproj", "{8C0FB652-C715-45B4-A1F2-F5D9A01E24AE}"
EndProject
Project("{9A19103F-16F7-4668-BE54-9A1E7A4F7556}") = "TestModels", "TestModels\TestModels.csproj", "{86B23EA7-B268-4A4C-9630-08BCD4144CCE}"
EndProject
Project("{FAE04EC0-301F-11D3-BF4B-00C04F79EFBC}") = "ConsoleUINetFramework", "ConsoleUINetFramework\ConsoleUINetFramework.csproj", "{95C58BB0-AC54-4933-9DD9-A4F2AD651399}"
EndProject
Project("{2150E333-8FDC-42A3-9474-1A3956D46DE8}") = "UserDomain", "UserDomain", "{E14B452C-A25E-4E5E-BA07-1AC0CE6FCEB9}"
EndProject
Project("{2150E333-8FDC-42A3-9474-1A3956D46DE8}") = "Domain", "Domain", "{1E323739-DD75-48E6-85BC-A851A8744BCB}"
EndProject
Project("{9A19103F-16F7-4668-BE54-9A1E7A4F7556}") = "ConsoleUINetCore", "ConsoleUINetCore\ConsoleUINetCore.csproj", "{6E0A8744-D033-4559-9F73-4B989C420D5F}"
EndProject
Project("{FAE04EC0-301F-11D3-BF4B-00C04F79EFBC}") = "TestInfraestructure", "TestInfraestructure\TestInfraestructure.csproj", "{2D608C51-92BB-4DF8-B938-9E061E41EA41}"
EndProject
Global
	GlobalSection(SolutionConfigurationPlatforms) = preSolution
		Debug|Any CPU = Debug|Any CPU
		Release|Any CPU = Release|Any CPU
	EndGlobalSection
	GlobalSection(ProjectConfigurationPlatforms) = postSolution
		{2337F496-DCFD-4473-A9C2-004DFE34D1F3}.Debug|Any CPU.ActiveCfg = Debug|Any CPU
		{2337F496-DCFD-4473-A9C2-004DFE34D1F3}.Debug|Any CPU.Build.0 = Debug|Any CPU
		{2337F496-DCFD-4473-A9C2-004DFE34D1F3}.Release|Any CPU.ActiveCfg = Release|Any CPU
		{2337F496-DCFD-4473-A9C2-004DFE34D1F3}.Release|Any CPU.Build.0 = Release|Any CPU
		{A48DF7B5-894F-467B-84DE-B413FD8A50E8}.Debug|Any CPU.ActiveCfg = Debug|Any CPU
		{A48DF7B5-894F-467B-84DE-B413FD8A50E8}.Debug|Any CPU.Build.0 = Debug|Any CPU
		{A48DF7B5-894F-467B-84DE-B413FD8A50E8}.Release|Any CPU.ActiveCfg = Release|Any CPU
		{A48DF7B5-894F-467B-84DE-B413FD8A50E8}.Release|Any CPU.Build.0 = Release|Any CPU
		{389B97A1-F5BB-407F-97EB-4B69240D8098}.Debug|Any CPU.ActiveCfg = Debug|Any CPU
		{389B97A1-F5BB-407F-97EB-4B69240D8098}.Debug|Any CPU.Build.0 = Debug|Any CPU
		{389B97A1-F5BB-407F-97EB-4B69240D8098}.Release|Any CPU.ActiveCfg = Release|Any CPU
		{389B97A1-F5BB-407F-97EB-4B69240D8098}.Release|Any CPU.Build.0 = Release|Any CPU
		{8C0FB652-C715-45B4-A1F2-F5D9A01E24AE}.Debug|Any CPU.ActiveCfg = Debug|Any CPU
		{8C0FB652-C715-45B4-A1F2-F5D9A01E24AE}.Debug|Any CPU.Build.0 = Debug|Any CPU
		{8C0FB652-C715-45B4-A1F2-F5D9A01E24AE}.Release|Any CPU.ActiveCfg = Release|Any CPU
		{8C0FB652-C715-45B4-A1F2-F5D9A01E24AE}.Release|Any CPU.Build.0 = Release|Any CPU
		{86B23EA7-B268-4A4C-9630-08BCD4144CCE}.Debug|Any CPU.ActiveCfg = Debug|Any CPU
		{86B23EA7-B268-4A4C-9630-08BCD4144CCE}.Debug|Any CPU.Build.0 = Debug|Any CPU
		{86B23EA7-B268-4A4C-9630-08BCD4144CCE}.Release|Any CPU.ActiveCfg = Release|Any CPU
		{86B23EA7-B268-4A4C-9630-08BCD4144CCE}.Release|Any CPU.Build.0 = Release|Any CPU
		{95C58BB0-AC54-4933-9DD9-A4F2AD651399}.Debug|Any CPU.ActiveCfg = Debug|Any CPU
		{95C58BB0-AC54-4933-9DD9-A4F2AD651399}.Debug|Any CPU.Build.0 = Debug|Any CPU
		{95C58BB0-AC54-4933-9DD9-A4F2AD651399}.Release|Any CPU.ActiveCfg = Release|Any CPU
		{95C58BB0-AC54-4933-9DD9-A4F2AD651399}.Release|Any CPU.Build.0 = Release|Any CPU
		{6E0A8744-D033-4559-9F73-4B989C420D5F}.Debug|Any CPU.ActiveCfg = Debug|Any CPU
		{6E0A8744-D033-4559-9F73-4B989C420D5F}.Debug|Any CPU.Build.0 = Debug|Any CPU
		{6E0A8744-D033-4559-9F73-4B989C420D5F}.Release|Any CPU.ActiveCfg = Release|Any CPU
		{6E0A8744-D033-4559-9F73-4B989C420D5F}.Release|Any CPU.Build.0 = Release|Any CPU
		{2D608C51-92BB-4DF8-B938-9E061E41EA41}.Debug|Any CPU.ActiveCfg = Debug|Any CPU
		{2D608C51-92BB-4DF8-B938-9E061E41EA41}.Debug|Any CPU.Build.0 = Debug|Any CPU
		{2D608C51-92BB-4DF8-B938-9E061E41EA41}.Release|Any CPU.ActiveCfg = Release|Any CPU
		{2D608C51-92BB-4DF8-B938-9E061E41EA41}.Release|Any CPU.Build.0 = Release|Any CPU
	EndGlobalSection
	GlobalSection(SolutionProperties) = preSolution
		HideSolutionNode = FALSE
	EndGlobalSection
	GlobalSection(NestedProjects) = preSolution
		{2337F496-DCFD-4473-A9C2-004DFE34D1F3} = {1E323739-DD75-48E6-85BC-A851A8744BCB}
		{A48DF7B5-894F-467B-84DE-B413FD8A50E8} = {1E323739-DD75-48E6-85BC-A851A8744BCB}
		{389B97A1-F5BB-407F-97EB-4B69240D8098} = {1E323739-DD75-48E6-85BC-A851A8744BCB}
		{8C0FB652-C715-45B4-A1F2-F5D9A01E24AE} = {1E323739-DD75-48E6-85BC-A851A8744BCB}
		{86B23EA7-B268-4A4C-9630-08BCD4144CCE} = {1E323739-DD75-48E6-85BC-A851A8744BCB}
		{95C58BB0-AC54-4933-9DD9-A4F2AD651399} = {E14B452C-A25E-4E5E-BA07-1AC0CE6FCEB9}
		{6E0A8744-D033-4559-9F73-4B989C420D5F} = {E14B452C-A25E-4E5E-BA07-1AC0CE6FCEB9}
		{2D608C51-92BB-4DF8-B938-9E061E41EA41} = {E14B452C-A25E-4E5E-BA07-1AC0CE6FCEB9}
	EndGlobalSection
	GlobalSection(ExtensibilityGlobals) = postSolution
		SolutionGuid = {90724345-CAAF-4802-A950-F26531F408A2}
	EndGlobalSection
EndGlobal
